
Microsoft Visual Studio Solution File, Format Version 12.00
# Visual Studio Version 17
VisualStudioVersion = 17.6.33815.320
MinimumVisualStudioVersion = 10.0.40219.1
Project("{2150E333-8FDC-42A3-9474-1A3956D46DE8}") = "src", "src", "{695F4D55-08A1-4D20-8AF9-AFF507DE9F6C}"
EndProject
Project("{2150E333-8FDC-42A3-9474-1A3956D46DE8}") = "test", "test", "{B6F283EC-103A-4D48-A3D6-94B6ACC8BEA8}"
EndProject
Project("{2150E333-8FDC-42A3-9474-1A3956D46DE8}") = "API", "API", "{108EC789-AEFB-4765-B7A6-062C3F6DF021}"
EndProject
Project("{2150E333-8FDC-42A3-9474-1A3956D46DE8}") = "Core", "Core", "{1AA97B4C-DB8B-4CA5-B907-9DA63FDC2FE6}"
EndProject
Project("{2150E333-8FDC-42A3-9474-1A3956D46DE8}") = "Infrastructure", "Infrastructure", "{F685CB0A-C4FF-47CC-873D-49CB6A4A1D69}"
EndProject
Project("{2150E333-8FDC-42A3-9474-1A3956D46DE8}") = "UI", "UI", "{9B2CC517-7192-4076-B3A8-C629A4FF90F5}"
EndProject
Project("{FAE04EC0-301F-11D3-BF4B-00C04F79EFBC}") = "Hr.LeaveManagement.Domain", "Hr.LeaveManagement.Domain\Hr.LeaveManagement.Domain.csproj", "{3B394E98-03C4-48D2-B6E7-D558ED20D547}"
EndProject
Project("{FAE04EC0-301F-11D3-BF4B-00C04F79EFBC}") = "Hr.LeaveManagement.Application", "Hr.LeaveManagement.Application\Hr.LeaveManagement.Application.csproj", "{D2CC7CF3-3B8C-4B88-9850-A73A0CF6D493}"
EndProject
Global
	GlobalSection(SolutionConfigurationPlatforms) = preSolution
		Debug|Any CPU = Debug|Any CPU
		Release|Any CPU = Release|Any CPU
	EndGlobalSection
	GlobalSection(ProjectConfigurationPlatforms) = postSolution
		{3B394E98-03C4-48D2-B6E7-D558ED20D547}.Debug|Any CPU.ActiveCfg = Debug|Any CPU
		{3B394E98-03C4-48D2-B6E7-D558ED20D547}.Debug|Any CPU.Build.0 = Debug|Any CPU
		{3B394E98-03C4-48D2-B6E7-D558ED20D547}.Release|Any CPU.ActiveCfg = Release|Any CPU
		{3B394E98-03C4-48D2-B6E7-D558ED20D547}.Release|Any CPU.Build.0 = Release|Any CPU
		{D2CC7CF3-3B8C-4B88-9850-A73A0CF6D493}.Debug|Any CPU.ActiveCfg = Debug|Any CPU
		{D2CC7CF3-3B8C-4B88-9850-A73A0CF6D493}.Debug|Any CPU.Build.0 = Debug|Any CPU
		{D2CC7CF3-3B8C-4B88-9850-A73A0CF6D493}.Release|Any CPU.ActiveCfg = Release|Any CPU
		{D2CC7CF3-3B8C-4B88-9850-A73A0CF6D493}.Release|Any CPU.Build.0 = Release|Any CPU
	EndGlobalSection
	GlobalSection(SolutionProperties) = preSolution
		HideSolutionNode = FALSE
	EndGlobalSection
	GlobalSection(NestedProjects) = preSolution
		{108EC789-AEFB-4765-B7A6-062C3F6DF021} = {695F4D55-08A1-4D20-8AF9-AFF507DE9F6C}
		{1AA97B4C-DB8B-4CA5-B907-9DA63FDC2FE6} = {695F4D55-08A1-4D20-8AF9-AFF507DE9F6C}
		{F685CB0A-C4FF-47CC-873D-49CB6A4A1D69} = {695F4D55-08A1-4D20-8AF9-AFF507DE9F6C}
		{9B2CC517-7192-4076-B3A8-C629A4FF90F5} = {695F4D55-08A1-4D20-8AF9-AFF507DE9F6C}
		{3B394E98-03C4-48D2-B6E7-D558ED20D547} = {1AA97B4C-DB8B-4CA5-B907-9DA63FDC2FE6}
		{D2CC7CF3-3B8C-4B88-9850-A73A0CF6D493} = {1AA97B4C-DB8B-4CA5-B907-9DA63FDC2FE6}
	EndGlobalSection
	GlobalSection(ExtensibilityGlobals) = postSolution
		SolutionGuid = {3DE7C23C-103B-41C8-BF5F-8EE4C9B128EC}
	EndGlobalSection
EndGlobal
